
Microsoft Visual Studio Solution File, Format Version 12.00
# Visual Studio 15
VisualStudioVersion = 15.0.28010.2050
MinimumVisualStudioVersion = 10.0.40219.1
Project("{FAE04EC0-301F-11D3-BF4B-00C04F79EFBC}") = "ConfrenceTrackManagement", "ConfrenceTrackManagement\ConfrenceTrackManagement.csproj", "{235438F1-E704-40B6-A320-43644CE88B10}"
EndProject
Project("{FAE04EC0-301F-11D3-BF4B-00C04F79EFBC}") = "ConfrenceTrackTesting", "ConfrenceTrackTesting\ConfrenceTrackTesting.csproj", "{C6B1604A-C29E-4E02-82EF-BDA632361BD4}"
EndProject
Global
	GlobalSection(SolutionConfigurationPlatforms) = preSolution
		Debug|Any CPU = Debug|Any CPU
		Release|Any CPU = Release|Any CPU
	EndGlobalSection
	GlobalSection(ProjectConfigurationPlatforms) = postSolution
		{235438F1-E704-40B6-A320-43644CE88B10}.Debug|Any CPU.ActiveCfg = Debug|Any CPU
		{235438F1-E704-40B6-A320-43644CE88B10}.Debug|Any CPU.Build.0 = Debug|Any CPU
		{235438F1-E704-40B6-A320-43644CE88B10}.Release|Any CPU.ActiveCfg = Release|Any CPU
		{235438F1-E704-40B6-A320-43644CE88B10}.Release|Any CPU.Build.0 = Release|Any CPU
		{C6B1604A-C29E-4E02-82EF-BDA632361BD4}.Debug|Any CPU.ActiveCfg = Debug|Any CPU
		{C6B1604A-C29E-4E02-82EF-BDA632361BD4}.Debug|Any CPU.Build.0 = Debug|Any CPU
		{C6B1604A-C29E-4E02-82EF-BDA632361BD4}.Release|Any CPU.ActiveCfg = Release|Any CPU
		{C6B1604A-C29E-4E02-82EF-BDA632361BD4}.Release|Any CPU.Build.0 = Release|Any CPU
	EndGlobalSection
	GlobalSection(SolutionProperties) = preSolution
		HideSolutionNode = FALSE
	EndGlobalSection
	GlobalSection(ExtensibilityGlobals) = postSolution
		SolutionGuid = {FD75AD21-6EEE-4087-A9B0-4AA68AA92FC8}
	EndGlobalSection
EndGlobal
